PODS:
  - Capacitor (6.2.0):
    - CapacitorCordova
  - CapacitorCamera (6.1.2):
    - Capacitor
  - CapacitorCordova (6.2.0)
  - CapacitorIosNotificationSettings (0.0.1):
    - Capacitor
  - CapacitorSplashScreen (6.0.3):
    - Capacitor

DEPENDENCIES:
  - "Capacitor (from `../../node_modules/@capacitor/ios`)"
  - "CapacitorCamera (from `../../node_modules/@capacitor/camera`)"
  - "CapacitorCordova (from `../../node_modules/@capacitor/ios`)"
  - CapacitorIosNotificationSettings (from `../../..`)
  - "CapacitorSplashScreen (from `../../node_modules/@capacitor/splash-screen`)"

EXTERNAL SOURCES:
  Capacitor:
    :path: "../../node_modules/@capacitor/ios"
  CapacitorCamera:
    :path: "../../node_modules/@capacitor/camera"
  CapacitorCordova:
    :path: "../../node_modules/@capacitor/ios"
  CapacitorIosNotificationSettings:
    :path: "../../.."
  CapacitorSplashScreen:
    :path: "../../node_modules/@capacitor/splash-screen"

SPEC CHECKSUMS:
  Capacitor: 1f3c7b9802d958cd8c4eb63895fff85dff2e1eea
  CapacitorCamera: 9052bd3f464f135ba983feccd8ac1266272f0549
  CapacitorCordova: b33e7f4aa4ed105dd43283acdd940964374a87d9
  CapacitorIosNotificationSettings: 51327576bc37d181021b5dc5cac69de86b234055
  CapacitorSplashScreen: 68893659d77b5f82d753b3a70475082845e3039c

PODFILE CHECKSUM: 775c11721c7324c0160e12071406e5b9f9af1cef

COCOAPODS: 1.15.2
